
Microsoft Visual Studio Solution File, Format Version 12.00
# Visual Studio Version 16
VisualStudioVersion = 16.0.31112.23
MinimumVisualStudioVersion = 10.0.40219.1
Project("{F184B08F-C81C-45F6-A57F-5ABD9991F28F}") = "Project2", "Project2.vbproj", "{604D5B1A-4BE3-46CA-B1BF-05B6DE50586D}"
EndProject
Global
	GlobalSection(SolutionConfigurationPlatforms) = preSolution
		Debug|Any CPU = Debug|Any CPU
		Release|Any CPU = Release|Any CPU
	EndGlobalSection
	GlobalSection(ProjectConfigurationPlatforms) = postSolution
		{604D5B1A-4BE3-46CA-B1BF-05B6DE50586D}.Debug|Any CPU.ActiveCfg = Debug|Any CPU
		{604D5B1A-4BE3-46CA-B1BF-05B6DE50586D}.Debug|Any CPU.Build.0 = Debug|Any CPU
		{604D5B1A-4BE3-46CA-B1BF-05B6DE50586D}.Release|Any CPU.ActiveCfg = Release|Any CPU
		{604D5B1A-4BE3-46CA-B1BF-05B6DE50586D}.Release|Any CPU.Build.0 = Release|Any CPU
	EndGlobalSection
	GlobalSection(SolutionProperties) = preSolution
		HideSolutionNode = FALSE
	EndGlobalSection
	GlobalSection(ExtensibilityGlobals) = postSolution
		SolutionGuid = {E6E10EFB-7278-48A3-A1C9-3385ED94DC35}
	EndGlobalSection
EndGlobal
